
Microsoft Visual Studio Solution File, Format Version 12.00
# Visual Studio 15
VisualStudioVersion = 15.0.28307.421
MinimumVisualStudioVersion = 10.0.40219.1
Project("{9A19103F-16F7-4668-BE54-9A1E7A4F7556}") = "CampusToolbox.Service", "CampusToolbox.Service\CampusToolbox.Service.csproj", "{FE9E7540-0D24-4C2B-BE47-DBB329D675E6}"
EndProject
Project("{9A19103F-16F7-4668-BE54-9A1E7A4F7556}") = "CampusToolbox.Model", "CampusToolbox.Model\CampusToolbox.Model.csproj", "{24D1F7C5-2C66-45AE-90EF-475635D4A105}"
EndProject
Project("{9A19103F-16F7-4668-BE54-9A1E7A4F7556}") = "stLib.CS", "stLib.CS\stLib.CS.csproj", "{0E3CC444-6973-4F45-9BEA-4B34811E7869}"
EndProject
Project("{9A19103F-16F7-4668-BE54-9A1E7A4F7556}") = "CampusToolbox.Api", "CampusToolbox.Api\CampusToolbox.Api.csproj", "{F9B2E4A0-C076-4D64-ABE2-E58A458F9AB4}"
EndProject
Project("{9A19103F-16F7-4668-BE54-9A1E7A4F7556}") = "CampusToolbox.Security", "CampusToolbox.Security\CampusToolbox.Security.csproj", "{70D196B2-3708-489B-9869-8359B0E1BB83}"
EndProject
Project("{9A19103F-16F7-4668-BE54-9A1E7A4F7556}") = "CampusToolbox.Test", "CampusToolbox.Test\CampusToolbox.Test.csproj", "{C586505E-D73E-43F9-818A-E85CBCAF180F}"
EndProject
Project("{FAE04EC0-301F-11D3-BF4B-00C04F79EFBC}") = "stLib.CS.UnitTest", "stLib.CS.UnitTest\stLib.CS.UnitTest.csproj", "{0CCBA0C0-296B-42DA-AC53-8217ED63339F}"
EndProject
Global
	GlobalSection(SolutionConfigurationPlatforms) = preSolution
		Debug|Any CPU = Debug|Any CPU
		Debug|x64 = Debug|x64
		Debug|x86 = Debug|x86
		Release|Any CPU = Release|Any CPU
		Release|x64 = Release|x64
		Release|x86 = Release|x86
	EndGlobalSection
	GlobalSection(ProjectConfigurationPlatforms) = postSolution
		{FE9E7540-0D24-4C2B-BE47-DBB329D675E6}.Debug|Any CPU.ActiveCfg = Debug|Any CPU
		{FE9E7540-0D24-4C2B-BE47-DBB329D675E6}.Debug|Any CPU.Build.0 = Debug|Any CPU
		{FE9E7540-0D24-4C2B-BE47-DBB329D675E6}.Debug|x64.ActiveCfg = Debug|Any CPU
		{FE9E7540-0D24-4C2B-BE47-DBB329D675E6}.Debug|x64.Build.0 = Debug|Any CPU
		{FE9E7540-0D24-4C2B-BE47-DBB329D675E6}.Debug|x86.ActiveCfg = Debug|Any CPU
		{FE9E7540-0D24-4C2B-BE47-DBB329D675E6}.Debug|x86.Build.0 = Debug|Any CPU
		{FE9E7540-0D24-4C2B-BE47-DBB329D675E6}.Release|Any CPU.ActiveCfg = Release|Any CPU
		{FE9E7540-0D24-4C2B-BE47-DBB329D675E6}.Release|Any CPU.Build.0 = Release|Any CPU
		{FE9E7540-0D24-4C2B-BE47-DBB329D675E6}.Release|x64.ActiveCfg = Release|Any CPU
		{FE9E7540-0D24-4C2B-BE47-DBB329D675E6}.Release|x64.Build.0 = Release|Any CPU
		{FE9E7540-0D24-4C2B-BE47-DBB329D675E6}.Release|x86.ActiveCfg = Release|Any CPU
		{FE9E7540-0D24-4C2B-BE47-DBB329D675E6}.Release|x86.Build.0 = Release|Any CPU
		{24D1F7C5-2C66-45AE-90EF-475635D4A105}.Debug|Any CPU.ActiveCfg = Debug|Any CPU
		{24D1F7C5-2C66-45AE-90EF-475635D4A105}.Debug|Any CPU.Build.0 = Debug|Any CPU
		{24D1F7C5-2C66-45AE-90EF-475635D4A105}.Debug|x64.ActiveCfg = Debug|Any CPU
		{24D1F7C5-2C66-45AE-90EF-475635D4A105}.Debug|x64.Build.0 = Debug|Any CPU
		{24D1F7C5-2C66-45AE-90EF-475635D4A105}.Debug|x86.ActiveCfg = Debug|Any CPU
		{24D1F7C5-2C66-45AE-90EF-475635D4A105}.Debug|x86.Build.0 = Debug|Any CPU
		{24D1F7C5-2C66-45AE-90EF-475635D4A105}.Release|Any CPU.ActiveCfg = Release|Any CPU
		{24D1F7C5-2C66-45AE-90EF-475635D4A105}.Release|Any CPU.Build.0 = Release|Any CPU
		{24D1F7C5-2C66-45AE-90EF-475635D4A105}.Release|x64.ActiveCfg = Release|Any CPU
		{24D1F7C5-2C66-45AE-90EF-475635D4A105}.Release|x64.Build.0 = Release|Any CPU
		{24D1F7C5-2C66-45AE-90EF-475635D4A105}.Release|x86.ActiveCfg = Release|Any CPU
		{24D1F7C5-2C66-45AE-90EF-475635D4A105}.Release|x86.Build.0 = Release|Any CPU
		{0E3CC444-6973-4F45-9BEA-4B34811E7869}.Debug|Any CPU.ActiveCfg = Debug|Any CPU
		{0E3CC444-6973-4F45-9BEA-4B34811E7869}.Debug|Any CPU.Build.0 = Debug|Any CPU
		{0E3CC444-6973-4F45-9BEA-4B34811E7869}.Debug|x64.ActiveCfg = Debug|Any CPU
		{0E3CC444-6973-4F45-9BEA-4B34811E7869}.Debug|x64.Build.0 = Debug|Any CPU
		{0E3CC444-6973-4F45-9BEA-4B34811E7869}.Debug|x86.ActiveCfg = Debug|Any CPU
		{0E3CC444-6973-4F45-9BEA-4B34811E7869}.Debug|x86.Build.0 = Debug|Any CPU
		{0E3CC444-6973-4F45-9BEA-4B34811E7869}.Release|Any CPU.ActiveCfg = Release|Any CPU
		{0E3CC444-6973-4F45-9BEA-4B34811E7869}.Release|Any CPU.Build.0 = Release|Any CPU
		{0E3CC444-6973-4F45-9BEA-4B34811E7869}.Release|x64.ActiveCfg = Release|Any CPU
		{0E3CC444-6973-4F45-9BEA-4B34811E7869}.Release|x64.Build.0 = Release|Any CPU
		{0E3CC444-6973-4F45-9BEA-4B34811E7869}.Release|x86.ActiveCfg = Release|Any CPU
		{0E3CC444-6973-4F45-9BEA-4B34811E7869}.Release|x86.Build.0 = Release|Any CPU
		{F9B2E4A0-C076-4D64-ABE2-E58A458F9AB4}.Debug|Any CPU.ActiveCfg = Debug|Any CPU
		{F9B2E4A0-C076-4D64-ABE2-E58A458F9AB4}.Debug|Any CPU.Build.0 = Debug|Any CPU
		{F9B2E4A0-C076-4D64-ABE2-E58A458F9AB4}.Debug|x64.ActiveCfg = Debug|Any CPU
		{F9B2E4A0-C076-4D64-ABE2-E58A458F9AB4}.Debug|x64.Build.0 = Debug|Any CPU
		{F9B2E4A0-C076-4D64-ABE2-E58A458F9AB4}.Debug|x86.ActiveCfg = Debug|Any CPU
		{F9B2E4A0-C076-4D64-ABE2-E58A458F9AB4}.Debug|x86.Build.0 = Debug|Any CPU
		{F9B2E4A0-C076-4D64-ABE2-E58A458F9AB4}.Release|Any CPU.ActiveCfg = Release|Any CPU
		{F9B2E4A0-C076-4D64-ABE2-E58A458F9AB4}.Release|Any CPU.Build.0 = Release|Any CPU
		{F9B2E4A0-C076-4D64-ABE2-E58A458F9AB4}.Release|x64.ActiveCfg = Release|Any CPU
		{F9B2E4A0-C076-4D64-ABE2-E58A458F9AB4}.Release|x64.Build.0 = Release|Any CPU
		{F9B2E4A0-C076-4D64-ABE2-E58A458F9AB4}.Release|x86.ActiveCfg = Release|Any CPU
		{F9B2E4A0-C076-4D64-ABE2-E58A458F9AB4}.Release|x86.Build.0 = Release|Any CPU
		{70D196B2-3708-489B-9869-8359B0E1BB83}.Debug|Any CPU.ActiveCfg = Debug|Any CPU
		{70D196B2-3708-489B-9869-8359B0E1BB83}.Debug|Any CPU.Build.0 = Debug|Any CPU
		{70D196B2-3708-489B-9869-8359B0E1BB83}.Debug|x64.ActiveCfg = Debug|Any CPU
		{70D196B2-3708-489B-9869-8359B0E1BB83}.Debug|x64.Build.0 = Debug|Any CPU
		{70D196B2-3708-489B-9869-8359B0E1BB83}.Debug|x86.ActiveCfg = Debug|Any CPU
		{70D196B2-3708-489B-9869-8359B0E1BB83}.Debug|x86.Build.0 = Debug|Any CPU
		{70D196B2-3708-489B-9869-8359B0E1BB83}.Release|Any CPU.ActiveCfg = Release|Any CPU
		{70D196B2-3708-489B-9869-8359B0E1BB83}.Release|Any CPU.Build.0 = Release|Any CPU
		{70D196B2-3708-489B-9869-8359B0E1BB83}.Release|x64.ActiveCfg = Release|Any CPU
		{70D196B2-3708-489B-9869-8359B0E1BB83}.Release|x64.Build.0 = Release|Any CPU
		{70D196B2-3708-489B-9869-8359B0E1BB83}.Release|x86.ActiveCfg = Release|Any CPU
		{70D196B2-3708-489B-9869-8359B0E1BB83}.Release|x86.Build.0 = Release|Any CPU
		{C586505E-D73E-43F9-818A-E85CBCAF180F}.Debug|Any CPU.ActiveCfg = Debug|Any CPU
		{C586505E-D73E-43F9-818A-E85CBCAF180F}.Debug|Any CPU.Build.0 = Debug|Any CPU
		{C586505E-D73E-43F9-818A-E85CBCAF180F}.Debug|x64.ActiveCfg = Debug|Any CPU
		{C586505E-D73E-43F9-818A-E85CBCAF180F}.Debug|x64.Build.0 = Debug|Any CPU
		{C586505E-D73E-43F9-818A-E85CBCAF180F}.Debug|x86.ActiveCfg = Debug|Any CPU
		{C586505E-D73E-43F9-818A-E85CBCAF180F}.Debug|x86.Build.0 = Debug|Any CPU
		{C586505E-D73E-43F9-818A-E85CBCAF180F}.Release|Any CPU.ActiveCfg = Release|Any CPU
		{C586505E-D73E-43F9-818A-E85CBCAF180F}.Release|Any CPU.Build.0 = Release|Any CPU
		{C586505E-D73E-43F9-818A-E85CBCAF180F}.Release|x64.ActiveCfg = Release|Any CPU
		{C586505E-D73E-43F9-818A-E85CBCAF180F}.Release|x64.Build.0 = Release|Any CPU
		{C586505E-D73E-43F9-818A-E85CBCAF180F}.Release|x86.ActiveCfg = Release|Any CPU
		{C586505E-D73E-43F9-818A-E85CBCAF180F}.Release|x86.Build.0 = Release|Any CPU
		{0CCBA0C0-296B-42DA-AC53-8217ED63339F}.Debug|Any CPU.ActiveCfg = Debug|Any CPU
		{0CCBA0C0-296B-42DA-AC53-8217ED63339F}.Debug|Any CPU.Build.0 = Debug|Any CPU
		{0CCBA0C0-296B-42DA-AC53-8217ED63339F}.Debug|x64.ActiveCfg = Debug|Any CPU
		{0CCBA0C0-296B-42DA-AC53-8217ED63339F}.Debug|x64.Build.0 = Debug|Any CPU
		{0CCBA0C0-296B-42DA-AC53-8217ED63339F}.Debug|x86.ActiveCfg = Debug|Any CPU
		{0CCBA0C0-296B-42DA-AC53-8217ED63339F}.Debug|x86.Build.0 = Debug|Any CPU
		{0CCBA0C0-296B-42DA-AC53-8217ED63339F}.Release|Any CPU.ActiveCfg = Release|Any CPU
		{0CCBA0C0-296B-42DA-AC53-8217ED63339F}.Release|Any CPU.Build.0 = Release|Any CPU
		{0CCBA0C0-296B-42DA-AC53-8217ED63339F}.Release|x64.ActiveCfg = Release|Any CPU
		{0CCBA0C0-296B-42DA-AC53-8217ED63339F}.Release|x64.Build.0 = Release|Any CPU
		{0CCBA0C0-296B-42DA-AC53-8217ED63339F}.Release|x86.ActiveCfg = Release|Any CPU
		{0CCBA0C0-296B-42DA-AC53-8217ED63339F}.Release|x86.Build.0 = Release|Any CPU
	EndGlobalSection
	GlobalSection(SolutionProperties) = preSolution
		HideSolutionNode = FALSE
	EndGlobalSection
	GlobalSection(ExtensibilityGlobals) = postSolution
		SolutionGuid = {FD231E4F-998A-474D-B14B-B40085BDE6FE}
	EndGlobalSection
EndGlobal
